
Microsoft Visual Studio Solution File, Format Version 12.00
# Visual Studio Version 17
VisualStudioVersion = 17.4.33122.133
MinimumVisualStudioVersion = 10.0.40219.1
Project("{FAE04EC0-301F-11D3-BF4B-00C04F79EFBC}") = "WindowsFormsAppHW2", "WindowsFormsAppHW2\WindowsFormsAppHW2.csproj", "{C1B02870-2186-4667-9981-20910030C1B8}"
EndProject
Global
	GlobalSection(SolutionConfigurationPlatforms) = preSolution
		Debug|Any CPU = Debug|Any CPU
		Release|Any CPU = Release|Any CPU
	EndGlobalSection
	GlobalSection(ProjectConfigurationPlatforms) = postSolution
		{C1B02870-2186-4667-9981-20910030C1B8}.Debug|Any CPU.ActiveCfg = Debug|Any CPU
		{C1B02870-2186-4667-9981-20910030C1B8}.Debug|Any CPU.Build.0 = Debug|Any CPU
		{C1B02870-2186-4667-9981-20910030C1B8}.Release|Any CPU.ActiveCfg = Release|Any CPU
		{C1B02870-2186-4667-9981-20910030C1B8}.Release|Any CPU.Build.0 = Release|Any CPU
	EndGlobalSection
	GlobalSection(SolutionProperties) = preSolution
		HideSolutionNode = FALSE
	EndGlobalSection
	GlobalSection(ExtensibilityGlobals) = postSolution
		SolutionGuid = {E1175D0D-75A6-4E08-961F-0C8EB13EA88B}
	EndGlobalSection
EndGlobal
